
Microsoft Visual Studio Solution File, Format Version 12.00
# Visual Studio Version 17
VisualStudioVersion = 17.11.35327.3
MinimumVisualStudioVersion = 10.0.40219.1
Project("{FAE04EC0-301F-11D3-BF4B-00C04F79EFBC}") = "Backend", "Backend\Backend.csproj", "{06F42C41-17D1-4C27-A4C0-5000EB881553}"
EndProject
Global
	GlobalSection(SolutionConfigurationPlatforms) = preSolution
		Debug|Any CPU = Debug|Any CPU
		Release|Any CPU = Release|Any CPU
	EndGlobalSection
	GlobalSection(ProjectConfigurationPlatforms) = postSolution
		{06F42C41-17D1-4C27-A4C0-5000EB881553}.Debug|Any CPU.ActiveCfg = Debug|Any CPU
		{06F42C41-17D1-4C27-A4C0-5000EB881553}.Debug|Any CPU.Build.0 = Debug|Any CPU
		{06F42C41-17D1-4C27-A4C0-5000EB881553}.Release|Any CPU.ActiveCfg = Release|Any CPU
		{06F42C41-17D1-4C27-A4C0-5000EB881553}.Release|Any CPU.Build.0 = Release|Any CPU
	EndGlobalSection
	GlobalSection(SolutionProperties) = preSolution
		HideSolutionNode = FALSE
	EndGlobalSection
	GlobalSection(ExtensibilityGlobals) = postSolution
		SolutionGuid = {AC1DA561-CB5C-41E3-8C6B-6326762A7D04}
	EndGlobalSection
EndGlobal
